
Microsoft Visual Studio Solution File, Format Version 12.00
Project("{FAE04EC0-301F-11D3-BF4B-00C04F79EFBC}") = "DotnetBasic", "DotnetBasic\DotnetBasic.csproj", "{6289F3F5-33C5-46A6-8091-4143D1EB97B9}"
EndProject
Global
	GlobalSection(SolutionConfigurationPlatforms) = preSolution
		Debug|Any CPU = Debug|Any CPU
		Release|Any CPU = Release|Any CPU
	EndGlobalSection
	GlobalSection(ProjectConfigurationPlatforms) = postSolution
		{6289F3F5-33C5-46A6-8091-4143D1EB97B9}.Debug|Any CPU.ActiveCfg = Debug|Any CPU
		{6289F3F5-33C5-46A6-8091-4143D1EB97B9}.Debug|Any CPU.Build.0 = Debug|Any CPU
		{6289F3F5-33C5-46A6-8091-4143D1EB97B9}.Release|Any CPU.ActiveCfg = Release|Any CPU
		{6289F3F5-33C5-46A6-8091-4143D1EB97B9}.Release|Any CPU.Build.0 = Release|Any CPU
	EndGlobalSection
EndGlobal
